// !$*UTF8*$!
{
	archiveVersion = 1;
	classes = {
	};
	objectVersion = 56;
	objects = {

/* Begin PBXBuildFile section */
		740B99962BD93C2A00C81833 /* SelectCurrency.swift in Sources */ = {isa = PBXBuildFile; fileRef = 740B99952BD93C2A00C81833 /* SelectCurrency.swift */; };
		740B99982BD9458300C81833 /* CurrencyIcon.swift in Sources */ = {isa = PBXBuildFile; fileRef = 740B99972BD9458300C81833 /* CurrencyIcon.swift */; };
		9B13AC022BC4E51100BBE45D /* LOTR_ConverterApp.swift in Sources */ = {isa = PBXBuildFile; fileRef = 9B13AC012BC4E51100BBE45D /* LOTR_ConverterApp.swift */; };
		9B13AC042BC4E51100BBE45D /* ContentView.swift in Sources */ = {isa = PBXBuildFile; fileRef = 9B13AC032BC4E51100BBE45D /* ContentView.swift */; };
		9B13AC062BC4E51200BBE45D /* Assets.xcassets in Resources */ = {isa = PBXBuildFile; fileRef = 9B13AC052BC4E51200BBE45D /* Assets.xcassets */; };
		9B13AC092BC4E51200BBE45D /* Preview Assets.xcassets in Resources */ = {isa = PBXBuildFile; fileRef = 9B13AC082BC4E51200BBE45D /* Preview Assets.xcassets */; };
		9B1575212BCC21CB00AAEF39 /* ExchangeInfo.swift in Sources */ = {isa = PBXBuildFile; fileRef = 9B1575202BCC21CB00AAEF39 /* ExchangeInfo.swift */; };
		9BB51EDD2BD40612004F135E /* EchangeRate.swift in Sources */ = {isa = PBXBuildFile; fileRef = 9BB51EDC2BD40612004F135E /* EchangeRate.swift */; };
/* End PBXBuildFile section */

/* Begin PBXFileReference section */
		740B99952BD93C2A00C81833 /* SelectCurrency.swift */ = {isa = PBXFileReference; lastKnownFileType = sourcecode.swift; path = SelectCurrency.swift; sourceTree = "<group>"; };
		740B99972BD9458300C81833 /* CurrencyIcon.swift */ = {isa = PBXFileReference; lastKnownFileType = sourcecode.swift; path = CurrencyIcon.swift; sourceTree = "<group>"; };
		9B13ABFE2BC4E51100BBE45D /* LOTR Converter.app */ = {isa = PBXFileReference; explicitFileType = wrapper.application; includeInIndex = 0; path = "LOTR Converter.app"; sourceTree = BUILT_PRODUCTS_DIR; };
		9B13AC012BC4E51100BBE45D /* LOTR_ConverterApp.swift */ = {isa = PBXFileReference; lastKnownFileType = sourcecode.swift; path = LOTR_ConverterApp.swift; sourceTree = "<group>"; };
		9B13AC032BC4E51100BBE45D /* ContentView.swift */ = {isa = PBXFileReference; lastKnownFileType = sourcecode.swift; path = ContentView.swift; sourceTree = "<group>"; };
		9B13AC052BC4E51200BBE45D /* Assets.xcassets */ = {isa = PBXFileReference; lastKnownFileType = folder.assetcatalog; path = Assets.xcassets; sourceTree = "<group>"; };
		9B13AC082BC4E51200BBE45D /* Preview Assets.xcassets */ = {isa = PBXFileReference; lastKnownFileType = folder.assetcatalog; path = "Preview Assets.xcassets"; sourceTree = "<group>"; };
		9B1575202BCC21CB00AAEF39 /* ExchangeInfo.swift */ = {isa = PBXFileReference; lastKnownFileType = sourcecode.swift; path = ExchangeInfo.swift; sourceTree = "<group>"; };
		9BB51EDC2BD40612004F135E /* EchangeRate.swift */ = {isa = PBXFileReference; lastKnownFileType = sourcecode.swift; path = EchangeRate.swift; sourceTree = "<group>"; };
/* End PBXFileReference section */

/* Begin PBXFrameworksBuildPhase section */
		9B13ABFB2BC4E51100BBE45D /* Frameworks */ = {
			isa = PBXFrameworksBuildPhase;
			buildActionMask = 2147483647;
			files = (
			);
			runOnlyForDeploymentPostprocessing = 0;
		};
/* End PBXFrameworksBuildPhase section */

/* Begin PBXGroup section */
		9B13ABF52BC4E51100BBE45D = {
			isa = PBXGroup;
			children = (
				9B13AC002BC4E51100BBE45D /* LOTR Converter */,
				9B13ABFF2BC4E51100BBE45D /* Products */,
			);
			sourceTree = "<group>";
		};
		9B13ABFF2BC4E51100BBE45D /* Products */ = {
			isa = PBXGroup;
			children = (
				9B13ABFE2BC4E51100BBE45D /* LOTR Converter.app */,
			);
			name = Products;
			sourceTree = "<group>";
		};
		9B13AC002BC4E51100BBE45D /* LOTR Converter */ = {
			isa = PBXGroup;
			children = (
				9B13AC012BC4E51100BBE45D /* LOTR_ConverterApp.swift */,
				9B13AC032BC4E51100BBE45D /* ContentView.swift */,
				740B99952BD93C2A00C81833 /* SelectCurrency.swift */,
				740B99972BD9458300C81833 /* CurrencyIcon.swift */,
				9B1575202BCC21CB00AAEF39 /* ExchangeInfo.swift */,
				9BB51EDC2BD40612004F135E /* EchangeRate.swift */,
				9B13AC052BC4E51200BBE45D /* Assets.xcassets */,
				9B13AC072BC4E51200BBE45D /* Preview Content */,
			);
			path = "LOTR Converter";
			sourceTree = "<group>";
		};
		9B13AC072BC4E51200BBE45D /* Preview Content */ = {
			isa = PBXGroup;
			children = (
				9B13AC082BC4E51200BBE45D /* Preview Assets.xcassets */,
			);
			path = "Preview Content";
			sourceTree = "<group>";
		};
/* End PBXGroup section */

/* Begin PBXNativeTarget section */
		9B13ABFD2BC4E51100BBE45D /* LOTR Converter */ = {
			isa = PBXNativeTarget;
			buildConfigurationList = 9B13AC0C2BC4E51200BBE45D /* Build configuration list for PBXNativeTarget "LOTR Converter" */;
			buildPhases = (
				9B13ABFA2BC4E51100BBE45D /* Sources */,
				9B13ABFB2BC4E51100BBE45D /* Frameworks */,
				9B13ABFC2BC4E51100BBE45D /* Resources */,
			);
			buildRules = (
			);
			dependencies = (
			);
			name = "LOTR Converter";
			productName = "LOTR Converter";
			productReference = 9B13ABFE2BC4E51100BBE45D /* LOTR Converter.app */;
			productType = "com.apple.product-type.application";
		};
/* End PBXNativeTarget section */

/* Begin PBXProject section */
		9B13ABF62BC4E51100BBE45D /* Project object */ = {
			isa = PBXProject;
			attributes = {
				BuildIndependentTargetsInParallel = 1;
				LastSwiftUpdateCheck = 1530;
				LastUpgradeCheck = 1530;
				TargetAttributes = {
					9B13ABFD2BC4E51100BBE45D = {
						CreatedOnToolsVersion = 15.3;
					};
				};
			};
			buildConfigurationList = 9B13ABF92BC4E51100BBE45D /* Build configuration list for PBXProject "LOTR Converter" */;
			compatibilityVersion = "Xcode 14.0";
			developmentRegion = en;
			hasScannedForEncodings = 0;
			knownRegions = (
				en,
				Base,
			);
			mainGroup = 9B13ABF52BC4E51100BBE45D;
			productRefGroup = 9B13ABFF2BC4E51100BBE45D /* Products */;
			projectDirPath = "";
			projectRoot = "";
			targets = (
				9B13ABFD2BC4E51100BBE45D /* LOTR Converter */,
			);
		};
/* End PBXProject section */

/* Begin PBXResourcesBuildPhase section */
		9B13ABFC2BC4E51100BBE45D /* Resources */ = {
			isa = PBXResourcesBuildPhase;
			buildActionMask = 2147483647;
			files = (
				9B13AC092BC4E51200BBE45D /* Preview Assets.xcassets in Resources */,
				9B13AC062BC4E51200BBE45D /* Assets.xcassets in Resources */,
			);
			runOnlyForDeploymentPostprocessing = 0;
		};
/* End PBXResourcesBuildPhase section */

/* Begin PBXSourcesBuildPhase section */
		9B13ABFA2BC4E51100BBE45D /* Sources */ = {
			isa = PBXSourcesBuildPhase;
			buildActionMask = 2147483647;
			files = (
				9B13AC042BC4E51100BBE45D /* ContentView.swift in Sources */,
				740B99962BD93C2A00C81833 /* SelectCurrency.swift in Sources */,
				9B1575212BCC21CB00AAEF39 /* ExchangeInfo.swift in Sources */,
				9B13AC022BC4E51100BBE45D /* LOTR_ConverterApp.swift in Sources */,
				9BB51EDD2BD40612004F135E /* EchangeRate.swift in Sources */,
				740B99982BD9458300C81833 /* CurrencyIcon.swift in Sources */,
			);
			runOnlyForDeploymentPostprocessing = 0;
		};
/* End PBXSourcesBuildPhase section */

/* Begin XCBuildConfiguration section */
		9B13AC0A2BC4E51200BBE45D /* Debug */ = {
			isa = XCBuildConfiguration;
			buildSettings = {
				ALWAYS_SEARCH_USER_PATHS = NO;
				ASSETCATALOG_COMPILER_GENERATE_SWIFT_ASSET_SYMBOL_EXTENSIONS = YES;
				CLANG_ANALYZER_NONNULL = YES;
				CLANG_ANALYZER_NUMBER_OBJECT_CONVERSION = YES_AGGRESSIVE;
				CLANG_CXX_LANGUAGE_STANDARD = "gnu++20";
				CLANG_ENABLE_MODULES = YES;
				CLANG_ENABLE_OBJC_ARC = YES;
				CLANG_ENABLE_OBJC_WEAK = YES;
				CLANG_WARN_BLOCK_CAPTURE_AUTORELEASING = YES;
				CLANG_WARN_BOOL_CONVERSION = YES;
				CLANG_WARN_COMMA = YES;
				CLANG_WARN_CONSTANT_CONVERSION = YES;
				CLANG_WARN_DEPRECATED_OBJC_IMPLEMENTATIONS = YES;
				CLANG_WARN_DIRECT_OBJC_ISA_USAGE = YES_ERROR;
				CLANG_WARN_DOCUMENTATION_COMMENTS = YES;
				CLANG_WARN_EMPTY_BODY = YES;
				CLANG_WARN_ENUM_CONVERSION = YES;
				CLANG_WARN_INFINITE_RECURSION = YES;
				CLANG_WARN_INT_CONVERSION = YES;
				CLANG_WARN_NON_LITERAL_NULL_CONVERSION = YES;
				CLANG_WARN_OBJC_IMPLICIT_RETAIN_SELF = YES;
				CLANG_WARN_OBJC_LITERAL_CONVERSION = YES;
				CLANG_WARN_OBJC_ROOT_CLASS = YES_ERROR;
				CLANG_WARN_QUOTED_INCLUDE_IN_FRAMEWORK_HEADER = YES;
				CLANG_WARN_RANGE_LOOP_ANALYSIS = YES;
				CLANG_WARN_STRICT_PROTOTYPES = YES;
				CLANG_WARN_SUSPICIOUS_MOVE = YES;
				CLANG_WARN_UNGUARDED_AVAILABILITY = YES_AGGRESSIVE;
				CLANG_WARN_UNREACHABLE_CODE = YES;
				CLANG_WARN__DUPLICATE_METHOD_MATCH = YES;
				COPY_PHASE_STRIP = NO;
				DEBUG_INFORMATION_FORMAT = dwarf;
				ENABLE_STRICT_OBJC_MSGSEND = YES;
				ENABLE_TESTABILITY = YES;
				ENABLE_USER_SCRIPT_SANDBOXING = YES;
				GCC_C_LANGUAGE_STANDARD = gnu17;
				GCC_DYNAMIC_NO_PIC = NO;
				GCC_NO_COMMON_BLOCKS = YES;
				GCC_OPTIMIZATION_LEVEL = 0;
				GCC_PREPROCESSOR_DEFINITIONS = (
					"DEBUG=1",
					"$(inherited)",
				);
				GCC_WARN_64_TO_32_BIT_CONVERSION = YES;
				GCC_WARN_ABOUT_RETURN_TYPE = YES_ERROR;
				GCC_WARN_UNDECLARED_SELECTOR = YES;
				GCC_WARN_UNINITIALIZED_AUTOS = YES_AGGRESSIVE;
				GCC_WARN_UNUSED_FUNCTION = YES;
				GCC_WARN_UNUSED_VARIABLE = YES;
				IPHONEOS_DEPLOYMENT_TARGET = 17.4;
				LOCALIZATION_PREFERS_STRING_CATALOGS = YES;
				MTL_ENABLE_DEBUG_INFO = INCLUDE_SOURCE;
				MTL_FAST_MATH = YES;
				ONLY_ACTIVE_ARCH = YES;
				SDKROOT = iphoneos;
				SWIFT_ACTIVE_COMPILATION_CONDITIONS = "DEBUG $(inherited)";
				SWIFT_OPTIMIZATION_LEVEL = "-Onone";
			};
			name = Debug;
		};
		9B13AC0B2BC4E51200BBE45D /* Release */ = {
			isa = XCBuildConfiguration;
			buildSettings = {
				ALWAYS_SEARCH_USER_PATHS = NO;
				ASSETCATALOG_COMPILER_GENERATE_SWIFT_ASSET_SYMBOL_EXTENSIONS = YES;
				CLANG_ANALYZER_NONNULL = YES;
				CLANG_ANALYZER_NUMBER_OBJECT_CONVERSION = YES_AGGRESSIVE;
				CLANG_CXX_LANGUAGE_STANDARD = "gnu++20";
				CLANG_ENABLE_MODULES = YES;
				CLANG_ENABLE_OBJC_ARC = YES;
				CLANG_ENABLE_OBJC_WEAK = YES;
				CLANG_WARN_BLOCK_CAPTURE_AUTORELEASING = YES;
				CLANG_WARN_BOOL_CONVERSION = YES;
				CLANG_WARN_COMMA = YES;
				CLANG_WARN_CONSTANT_CONVERSION = YES;
				CLANG_WARN_DEPRECATED_OBJC_IMPLEMENTATIONS = YES;
				CLANG_WARN_DIRECT_OBJC_ISA_USAGE = YES_ERROR;
				CLANG_WARN_DOCUMENTATION_COMMENTS = YES;
				CLANG_WARN_EMPTY_BODY = YES;
				CLANG_WARN_ENUM_CONVERSION = YES;
				CLANG_WARN_INFINITE_RECURSION = YES;
				CLANG_WARN_INT_CONVERSION = YES;
				CLANG_WARN_NON_LITERAL_NULL_CONVERSION = YES;
				CLANG_WARN_OBJC_IMPLICIT_RETAIN_SELF = YES;
				CLANG_WARN_OBJC_LITERAL_CONVERSION = YES;
				CLANG_WARN_OBJC_ROOT_CLASS = YES_ERROR;
				CLANG_WARN_QUOTED_INCLUDE_IN_FRAMEWORK_HEADER = YES;
				CLANG_WARN_RANGE_LOOP_ANALYSIS = YES;
				CLANG_WARN_STRICT_PROTOTYPES = YES;
				CLANG_WARN_SUSPICIOUS_MOVE = YES;
				CLANG_WARN_UNGUARDED_AVAILABILITY = YES_AGGRESSIVE;
				CLANG_WARN_UNREACHABLE_CODE = YES;
				CLANG_WARN__DUPLICATE_METHOD_MATCH = YES;
				COPY_PHASE_STRIP = NO;
				DEBUG_INFORMATION_FORMAT = "dwarf-with-dsym";
				ENABLE_NS_ASSERTIONS = NO;
				ENABLE_STRICT_OBJC_MSGSEND = YES;
				ENABLE_USER_SCRIPT_SANDBOXING = YES;
				GCC_C_LANGUAGE_STANDARD = gnu17;
				GCC_NO_COMMON_BLOCKS = YES;
				GCC_WARN_64_TO_32_BIT_CONVERSION = YES;
				GCC_WARN_ABOUT_RETURN_TYPE = YES_ERROR;
				GCC_WARN_UNDECLARED_SELECTOR = YES;
				GCC_WARN_UNINITIALIZED_AUTOS = YES_AGGRESSIVE;
				GCC_WARN_UNUSED_FUNCTION = YES;
				GCC_WARN_UNUSED_VARIABLE = YES;
				IPHONEOS_DEPLOYMENT_TARGET = 17.4;
				LOCALIZATION_PREFERS_STRING_CATALOGS = YES;
				MTL_ENABLE_DEBUG_INFO = NO;
				MTL_FAST_MATH = YES;
				SDKROOT = iphoneos;
				SWIFT_COMPILATION_MODE = wholemodule;
				VALIDATE_PRODUCT = YES;
			};
			name = Release;
		};
		9B13AC0D2BC4E51200BBE45D /* Debug */ = {
			isa = XCBuildConfiguration;
			buildSettings = {
				ASSETCATALOG_COMPILER_APPICON_NAME = AppIcon;
				ASSETCATALOG_COMPILER_GLOBAL_ACCENT_COLOR_NAME = AccentColor;
				CODE_SIGN_STYLE = Automatic;
				CURRENT_PROJECT_VERSION = 1;
				DEVELOPMENT_ASSET_PATHS = "\"LOTR Converter/Preview Content\"";
				DEVELOPMENT_TEAM = K3JFS683MK;
				ENABLE_PREVIEWS = YES;
				GENERATE_INFOPLIST_FILE = YES;
				INFOPLIST_KEY_UIApplicationSceneManifest_Generation = YES;
				INFOPLIST_KEY_UIApplicationSupportsIndirectInputEvents = YES;
				INFOPLIST_KEY_UILaunchScreen_Generation = YES;
				INFOPLIST_KEY_UISupportedInterfaceOrientations_iPad = "UIInterfaceOrientationPortrait UIInterfaceOrientationPortraitUpsideDown UIInterfaceOrientationLandscapeLeft UIInterfaceOrientationLandscapeRight";
				INFOPLIST_KEY_UISupportedInterfaceOrientations_iPhone = "UIInterfaceOrientationPortrait UIInterfaceOrientationLandscapeLeft UIInterfaceOrientationLandscapeRight";
				LD_RUNPATH_SEARCH_PATHS = (
					"$(inherited)",
					"@executable_path/Frameworks",
				);
				MARKETING_VERSION = 1.0;
				PRODUCT_BUNDLE_IDENTIFIER = "com.joelespinal.app.lotr-converter.LOTR-Converter";
				PRODUCT_NAME = "$(TARGET_NAME)";
				SWIFT_EMIT_LOC_STRINGS = YES;
				SWIFT_VERSION = 5.0;
				TARGETED_DEVICE_FAMILY = "1,2";
			};
			name = Debug;
		};
		9B13AC0E2BC4E51200BBE45D /* Release */ = {
			isa = XCBuildConfiguration;
			buildSettings = {
				ASSETCATALOG_COMPILER_APPICON_NAME = AppIcon;
				ASSETCATALOG_COMPILER_GLOBAL_ACCENT_COLOR_NAME = AccentColor;
				CODE_SIGN_STYLE = Automatic;
				CURRENT_PROJECT_VERSION = 1;
				DEVELOPMENT_ASSET_PATHS = "\"LOTR Converter/Preview Content\"";
				DEVELOPMENT_TEAM = K3JFS683MK;
				ENABLE_PREVIEWS = YES;
				GENERATE_INFOPLIST_FILE = YES;
				INFOPLIST_KEY_UIApplicationSceneManifest_Generation = YES;
				INFOPLIST_KEY_UIApplicationSupportsIndirectInputEvents = YES;
				INFOPLIST_KEY_UILaunchScreen_Generation = YES;
				INFOPLIST_KEY_UISupportedInterfaceOrientations_iPad = "UIInterfaceOrientationPortrait UIInterfaceOrientationPortraitUpsideDown UIInterfaceOrientationLandscapeLeft UIInterfaceOrientationLandscapeRight";
				INFOPLIST_KEY_UISupportedInterfaceOrientations_iPhone = "UIInterfaceOrientationPortrait UIInterfaceOrientationLandscapeLeft UIInterfaceOrientationLandscapeRight";
				LD_RUNPATH_SEARCH_PATHS = (
					"$(inherited)",
					"@executable_path/Frameworks",
				);
				MARKETING_VERSION = 1.0;
				PRODUCT_BUNDLE_IDENTIFIER = "com.joelespinal.app.lotr-converter.LOTR-Converter";
				PRODUCT_NAME = "$(TARGET_NAME)";
				SWIFT_EMIT_LOC_STRINGS = YES;
				SWIFT_VERSION = 5.0;
				TARGETED_DEVICE_FAMILY = "1,2";
			};
			name = Release;
		};
/* End XCBuildConfiguration section */

/* Begin XCConfigurationList section */
		9B13ABF92BC4E51100BBE45D /* Build configuration list for PBXProject "LOTR Converter" */ = {
			isa = XCConfigurationList;
			buildConfigurations = (
				9B13AC0A2BC4E51200BBE45D /* Debug */,
				9B13AC0B2BC4E51200BBE45D /* Release */,
			);
			defaultConfigurationIsVisible = 0;
			defaultConfigurationName = Release;
		};
		9B13AC0C2BC4E51200BBE45D /* Build configuration list for PBXNativeTarget "LOTR Converter" */ = {
			isa = XCConfigurationList;
			buildConfigurations = (
				9B13AC0D2BC4E51200BBE45D /* Debug */,
				9B13AC0E2BC4E51200BBE45D /* Release */,
			);
			defaultConfigurationIsVisible = 0;
			defaultConfigurationName = Release;
		};
/* End XCConfigurationList section */
	};
	rootObject = 9B13ABF62BC4E51100BBE45D /* Project object */;
}
